
Microsoft Visual Studio Solution File, Format Version 12.00
# Visual Studio Version 16
VisualStudioVersion = 16.0.30523.141
MinimumVisualStudioVersion = 10.0.40219.1
Project("{9A19103F-16F7-4668-BE54-9A1E7A4F7556}") = "Assignment10Test", "Assignment10Test\Assignment10Test.csproj", "{C0454D5E-8A5D-4424-AFEC-A02468A03EAB}"
EndProject
Project("{9A19103F-16F7-4668-BE54-9A1E7A4F7556}") = "Assignment10Test.Tests", "Assignment10Test.Tests\Assignment10Test.Tests.csproj", "{C59EE81B-8C16-4D41-9B33-9BC91164DBFE}"
EndProject
Global
	GlobalSection(SolutionConfigurationPlatforms) = preSolution
		Debug|Any CPU = Debug|Any CPU
		Release|Any CPU = Release|Any CPU
	EndGlobalSection
	GlobalSection(ProjectConfigurationPlatforms) = postSolution
		{C0454D5E-8A5D-4424-AFEC-A02468A03EAB}.Debug|Any CPU.ActiveCfg = Debug|Any CPU
		{C0454D5E-8A5D-4424-AFEC-A02468A03EAB}.Debug|Any CPU.Build.0 = Debug|Any CPU
		{C0454D5E-8A5D-4424-AFEC-A02468A03EAB}.Release|Any CPU.ActiveCfg = Release|Any CPU
		{C0454D5E-8A5D-4424-AFEC-A02468A03EAB}.Release|Any CPU.Build.0 = Release|Any CPU
		{C59EE81B-8C16-4D41-9B33-9BC91164DBFE}.Debug|Any CPU.ActiveCfg = Debug|Any CPU
		{C59EE81B-8C16-4D41-9B33-9BC91164DBFE}.Debug|Any CPU.Build.0 = Debug|Any CPU
		{C59EE81B-8C16-4D41-9B33-9BC91164DBFE}.Release|Any CPU.ActiveCfg = Release|Any CPU
		{C59EE81B-8C16-4D41-9B33-9BC91164DBFE}.Release|Any CPU.Build.0 = Release|Any CPU
	EndGlobalSection
	GlobalSection(SolutionProperties) = preSolution
		HideSolutionNode = FALSE
	EndGlobalSection
	GlobalSection(ExtensibilityGlobals) = postSolution
		SolutionGuid = {BF54D64F-1C91-4789-ADA4-B3B4FA0FAB7B}
	EndGlobalSection
EndGlobal
